
Microsoft Visual Studio Solution File, Format Version 12.00
# Visual Studio 15
VisualStudioVersion = 15.0.27703.2047
MinimumVisualStudioVersion = 10.0.40219.1
Project("{FAE04EC0-301F-11D3-BF4B-00C04F79EFBC}") = "Moonshapes", "Moonshapes\Moonshapes.csproj", "{5EFA1DC3-6947-42D4-B3B7-B2F216E0EBF6}"
EndProject
Global
	GlobalSection(SolutionConfigurationPlatforms) = preSolution
		Debug|Any CPU = Debug|Any CPU
		Release|Any CPU = Release|Any CPU
	EndGlobalSection
	GlobalSection(ProjectConfigurationPlatforms) = postSolution
		{5EFA1DC3-6947-42D4-B3B7-B2F216E0EBF6}.Debug|Any CPU.ActiveCfg = Debug|Any CPU
		{5EFA1DC3-6947-42D4-B3B7-B2F216E0EBF6}.Debug|Any CPU.Build.0 = Debug|Any CPU
		{5EFA1DC3-6947-42D4-B3B7-B2F216E0EBF6}.Release|Any CPU.ActiveCfg = Release|Any CPU
		{5EFA1DC3-6947-42D4-B3B7-B2F216E0EBF6}.Release|Any CPU.Build.0 = Release|Any CPU
	EndGlobalSection
	GlobalSection(SolutionProperties) = preSolution
		HideSolutionNode = FALSE
	EndGlobalSection
	GlobalSection(ExtensibilityGlobals) = postSolution
		SolutionGuid = {D7281361-9203-40FC-9FE6-347613FDEB86}
	EndGlobalSection
EndGlobal
